
Microsoft Visual Studio Solution File, Format Version 12.00
# Visual Studio Version 17
VisualStudioVersion = 17.6.33723.286
MinimumVisualStudioVersion = 10.0.40219.1
Project("{FAE04EC0-301F-11D3-BF4B-00C04F79EFBC}") = "AttendanceTracker", "AttendanceTracker.csproj", "{AC7A7EB3-94AE-480C-B325-1DCA68B688B3}"
EndProject
Global
	GlobalSection(SolutionConfigurationPlatforms) = preSolution
		Debug|Any CPU = Debug|Any CPU
		Release|Any CPU = Release|Any CPU
	EndGlobalSection
	GlobalSection(ProjectConfigurationPlatforms) = postSolution
		{AC7A7EB3-94AE-480C-B325-1DCA68B688B3}.Debug|Any CPU.ActiveCfg = Debug|Any CPU
		{AC7A7EB3-94AE-480C-B325-1DCA68B688B3}.Debug|Any CPU.Build.0 = Debug|Any CPU
		{AC7A7EB3-94AE-480C-B325-1DCA68B688B3}.Release|Any CPU.ActiveCfg = Release|Any CPU
		{AC7A7EB3-94AE-480C-B325-1DCA68B688B3}.Release|Any CPU.Build.0 = Release|Any CPU
	EndGlobalSection
	GlobalSection(SolutionProperties) = preSolution
		HideSolutionNode = FALSE
	EndGlobalSection
	GlobalSection(ExtensibilityGlobals) = postSolution
		SolutionGuid = {F466C814-AE31-49F2-90DE-E2DBCDCEE6CC}
	EndGlobalSection
EndGlobal
